<?xml version="1.0" encoding="utf-8"?>
<Project ToolsVersion="4.0" xmlns="http://schemas.microsoft.com/developer/msbuild/2003">
  <ItemGroup>
    <Filter Include="src">
      <UniqueIdentifier>{c651e09d-c54b-4c76-81fd-655fc6b73f47}</UniqueIdentifier>
    </Filter>
    <Filter Include="src\sfml">
      <UniqueIdentifier>{36cb3017-4859-4a5f-a4a7-1af8f92f1876}</UniqueIdentifier>
    </Filter>
    <Filter Include="src\launcher">
      <UniqueIdentifier>{86801f9e-13bc-4dd3-bfdf-8f7b8904f15c}</UniqueIdentifier>
    </Filter>
    <Filter Include="src\launcher\scene">
      <UniqueIdentifier>{f0aa5f82-9d87-4519-9a7e-6252f972cfcc}</UniqueIdentifier>
    </Filter>
    <Filter Include="include">
      <UniqueIdentifier>{5acc7be6-6aaf-4ce6-9f08-5a474b0f2a5f}</UniqueIdentifier>
    </Filter>
    <Filter Include="src\launcher\scene\home">
      <UniqueIdentifier>{665d315c-9bda-4eb6-9410-9dddf0f07175}</UniqueIdentifier>
    </Filter>
    <Filter Include="src\sfml\Sprites">
      <UniqueIdentifier>{29780385-3513-42c8-8f3b-dff472ec5470}</UniqueIdentifier>
    </Filter>
    <Filter Include="src\launcher\scene\shop">
      <UniqueIdentifier>{5481a97f-a8f0-4697-a72d-d2481ab1b53b}</UniqueIdentifier>
    </Filter>
    <Filter Include="src\launcher\scene\library">
      <UniqueIdentifier>{b0db0bc0-1458-4689-b21e-093a88fb6127}</UniqueIdentifier>
    </Filter>
    <Filter Include="src\launcher\scene\tutorial">
      <UniqueIdentifier>{116c5ca2-c698-4a0e-8f19-a406c2bff5ad}</UniqueIdentifier>
    </Filter>
    <Filter Include="src\launcher\scene\downloads">
      <UniqueIdentifier>{c4aec813-4de2-4de0-81c0-cb85437f3c7f}</UniqueIdentifier>
    </Filter>
    <Filter Include="src\launcher\scene\settings">
      <UniqueIdentifier>{cb70c340-92a6-4e3f-b6c9-e54fa519057b}</UniqueIdentifier>
    </Filter>
    <Filter Include="src\launcher\scene\account">
      <UniqueIdentifier>{847daf77-d7d8-49c5-a81a-1eaefad6830b}</UniqueIdentifier>
    </Filter>
  </ItemGroup>
  <ItemGroup>
    <ClCompile Include="Window.cpp">
      <Filter>src\launcher</Filter>
    </ClCompile>
    <ClCompile Include="main.cpp">
      <Filter>src</Filter>
    </ClCompile>
    <ClCompile Include="Home.cpp">
      <Filter>src\launcher\scene\home</Filter>
    </ClCompile>
    <ClCompile Include="Sprites.cpp">
      <Filter>src\sfml\Sprites</Filter>
    </ClCompile>
    <ClCompile Include="Shop.cpp">
      <Filter>src\launcher\scene\shop</Filter>
    </ClCompile>
    <ClCompile Include="Library.cpp">
      <Filter>src\launcher\scene\library</Filter>
    </ClCompile>
    <ClCompile Include="Tutorial.cpp">
      <Filter>src\launcher\scene\tutorial</Filter>
    </ClCompile>
    <ClCompile Include="Downloads.cpp">
      <Filter>src\launcher\scene\downloads</Filter>
    </ClCompile>
    <ClCompile Include="Settings.cpp">
      <Filter>src\launcher\scene\settings</Filter>
    </ClCompile>
    <ClCompile Include="Account.cpp">
      <Filter>src\launcher\scene\account</Filter>
    </ClCompile>
  </ItemGroup>
  <ItemGroup>
    <ClInclude Include="Window.h">
      <Filter>src\launcher</Filter>
    </ClInclude>
    <ClInclude Include="required.h">
      <Filter>include</Filter>
    </ClInclude>
    <ClInclude Include="Scenes.h">
      <Filter>src\launcher\scene</Filter>
    </ClInclude>
    <ClInclude Include="Home.h">
      <Filter>src\launcher\scene\home</Filter>
    </ClInclude>
    <ClInclude Include="Sprites.h">
      <Filter>src\sfml\Sprites</Filter>
    </ClInclude>
    <ClInclude Include="Shop.h">
      <Filter>src\launcher\scene\shop</Filter>
    </ClInclude>
    <ClInclude Include="Library.h">
      <Filter>src\launcher\scene\library</Filter>
    </ClInclude>
    <ClInclude Include="Tutorial.h">
      <Filter>src\launcher\scene\tutorial</Filter>
    </ClInclude>
    <ClInclude Include="Downloads.h">
      <Filter>src\launcher\scene\downloads</Filter>
    </ClInclude>
    <ClInclude Include="Settings.h">
      <Filter>src\launcher\scene\settings</Filter>
    </ClInclude>
    <ClInclude Include="Account.h">
      <Filter>src\launcher\scene\account</Filter>
    </ClInclude>
  </ItemGroup>
</Project>