
Microsoft Visual Studio Solution File, Format Version 12.00
# Visual Studio Version 16
VisualStudioVersion = 16.0.31112.23
MinimumVisualStudioVersion = 10.0.40219.1
Project("{8BC9CEB8-8B4A-11D0-8D11-00A0C91BC942}") = "injected", "injected\injected.vcxproj", "{AB93FD0D-16CE-4C4B-8979-0F23C4A0A892}"
EndProject
Global
	GlobalSection(SolutionConfigurationPlatforms) = preSolution
		Debug|x64 = Debug|x64
		Debug|x86 = Debug|x86
		Release|x64 = Release|x64
		Release|x86 = Release|x86
	EndGlobalSection
	GlobalSection(ProjectConfigurationPlatforms) = postSolution
		{AB93FD0D-16CE-4C4B-8979-0F23C4A0A892}.Debug|x64.ActiveCfg = Debug|x64
		{AB93FD0D-16CE-4C4B-8979-0F23C4A0A892}.Debug|x64.Build.0 = Debug|x64
		{AB93FD0D-16CE-4C4B-8979-0F23C4A0A892}.Debug|x86.ActiveCfg = Debug|x64
		{AB93FD0D-16CE-4C4B-8979-0F23C4A0A892}.Debug|x86.Build.0 = Debug|x64
		{AB93FD0D-16CE-4C4B-8979-0F23C4A0A892}.Release|x64.ActiveCfg = Release|x64
		{AB93FD0D-16CE-4C4B-8979-0F23C4A0A892}.Release|x64.Build.0 = Release|x64
		{AB93FD0D-16CE-4C4B-8979-0F23C4A0A892}.Release|x86.ActiveCfg = Release|Win32
		{AB93FD0D-16CE-4C4B-8979-0F23C4A0A892}.Release|x86.Build.0 = Release|Win32
	EndGlobalSection
	GlobalSection(SolutionProperties) = preSolution
		HideSolutionNode = FALSE
	EndGlobalSection
	GlobalSection(ExtensibilityGlobals) = postSolution
		SolutionGuid = {D9301859-31B0-4964-B9BE-2B504D95CD28}
	EndGlobalSection
EndGlobal
